# THIS IS AN AUTOGENERATED FILE. DO NOT EDIT THIS FILE DIRECTLY.
# yarn lockfile v1


image-size@^1.0.1:
  version "1.0.1"
  resolved "https://registry.yarnpkg.com/image-size/-/image-size-1.0.1.tgz#86d6cfc2b1d19eab5d2b368d4b9194d9e48541c5"
  integrity sha512-VAwkvNSNGClRw9mDHhc5Efax8PLlsOGcUTh0T/LIriC8vPA3U5PdqXWqkz406MoYHMKW8Uf9gWr05T/rYB44kQ==
  dependencies:
    queue "6.0.2"

inherits@~2.0.3:
  version "2.0.4"
  resolved "https://registry.yarnpkg.com/inherits/-/inherits-2.0.4.tgz#0fa2c64f932917c3433a0ded55363aae37416b7c"
  integrity sha512-k/vGaX4/Yla3WzyMCvTQOXYeIHvqOKtnqBduzTHpzpQZzAskKMhZ2K+EnBiSM9zGSoIFeMpXKxa4dYeZIQqewQ==

queue@6.0.2:
  version "6.0.2"
  resolved "https://registry.yarnpkg.com/queue/-/queue-6.0.2.tgz#b91525283e2315c7553d2efa18d83e76432fed65"
  integrity sha512-iHZWu+q3IdFZFX36ro/lKBkSvfkztY5Y7HMiPlOUjhupPcG2JMfst2KKEpu5XndviX/3UhFbRngUPNKtgvtZiA==
  dependencies:
    inherits "~2.0.3"
